
Microsoft Visual Studio Solution File, Format Version 12.00
# Visual Studio Version 16
VisualStudioVersion = 16.0.31019.35
MinimumVisualStudioVersion = 10.0.40219.1
Project("{2150E333-8FDC-42A3-9474-1A3956D46DE8}") = "Infrastructure", "Infrastructure", "{14A6C4C3-DF08-4F21-ADA9-2C66E5B23127}"
EndProject
Project("{FAE04EC0-301F-11D3-BF4B-00C04F79EFBC}") = "Store.Entities", "Store.Entities\Store.Entities.csproj", "{6D1BE259-FF94-4E27-BCD5-803C67A0B684}"
EndProject
Project("{FAE04EC0-301F-11D3-BF4B-00C04F79EFBC}") = "Store.Repository", "..\Store.Repository\Store.Repository.csproj", "{F9DF7996-3838-45CA-A40B-10EE8C75087E}"
EndProject
Project("{2150E333-8FDC-42A3-9474-1A3956D46DE8}") = "Api", "Api", "{2F1D13E3-B156-4AD4-9BDA-83233425CC7E}"
EndProject
Project("{FAE04EC0-301F-11D3-BF4B-00C04F79EFBC}") = "Store.Api", "..\Store.Api\Store.Api.csproj", "{1209D78E-6046-43A6-9E43-84A2DC7DFEA7}"
EndProject
Global
	GlobalSection(SolutionConfigurationPlatforms) = preSolution
		Debug|Any CPU = Debug|Any CPU
		Release|Any CPU = Release|Any CPU
	EndGlobalSection
	GlobalSection(ProjectConfigurationPlatforms) = postSolution
		{6D1BE259-FF94-4E27-BCD5-803C67A0B684}.Debug|Any CPU.ActiveCfg = Debug|Any CPU
		{6D1BE259-FF94-4E27-BCD5-803C67A0B684}.Debug|Any CPU.Build.0 = Debug|Any CPU
		{6D1BE259-FF94-4E27-BCD5-803C67A0B684}.Release|Any CPU.ActiveCfg = Release|Any CPU
		{6D1BE259-FF94-4E27-BCD5-803C67A0B684}.Release|Any CPU.Build.0 = Release|Any CPU
		{F9DF7996-3838-45CA-A40B-10EE8C75087E}.Debug|Any CPU.ActiveCfg = Debug|Any CPU
		{F9DF7996-3838-45CA-A40B-10EE8C75087E}.Debug|Any CPU.Build.0 = Debug|Any CPU
		{F9DF7996-3838-45CA-A40B-10EE8C75087E}.Release|Any CPU.ActiveCfg = Release|Any CPU
		{F9DF7996-3838-45CA-A40B-10EE8C75087E}.Release|Any CPU.Build.0 = Release|Any CPU
		{1209D78E-6046-43A6-9E43-84A2DC7DFEA7}.Debug|Any CPU.ActiveCfg = Debug|Any CPU
		{1209D78E-6046-43A6-9E43-84A2DC7DFEA7}.Debug|Any CPU.Build.0 = Debug|Any CPU
		{1209D78E-6046-43A6-9E43-84A2DC7DFEA7}.Release|Any CPU.ActiveCfg = Release|Any CPU
		{1209D78E-6046-43A6-9E43-84A2DC7DFEA7}.Release|Any CPU.Build.0 = Release|Any CPU
	EndGlobalSection
	GlobalSection(SolutionProperties) = preSolution
		HideSolutionNode = FALSE
	EndGlobalSection
	GlobalSection(NestedProjects) = preSolution
		{6D1BE259-FF94-4E27-BCD5-803C67A0B684} = {14A6C4C3-DF08-4F21-ADA9-2C66E5B23127}
		{F9DF7996-3838-45CA-A40B-10EE8C75087E} = {14A6C4C3-DF08-4F21-ADA9-2C66E5B23127}
		{1209D78E-6046-43A6-9E43-84A2DC7DFEA7} = {2F1D13E3-B156-4AD4-9BDA-83233425CC7E}
	EndGlobalSection
	GlobalSection(ExtensibilityGlobals) = postSolution
		SolutionGuid = {DAFB73F9-A82E-4600-A8BA-0CE1A407FC4C}
	EndGlobalSection
EndGlobal
